
Microsoft Visual Studio Solution File, Format Version 12.00
# Visual Studio 2013
VisualStudioVersion = 12.0.30723.0
MinimumVisualStudioVersion = 10.0.40219.1
Project("{9092AA53-FB77-4645-B42D-1CCCA6BD08BD}") = "BANE3", "BANE3\BANE3.njsproj", "{3598C4E0-454C-47A9-A1DF-A336E7505C36}"
EndProject
Global
	GlobalSection(SolutionConfigurationPlatforms) = preSolution
		Debug|Any CPU = Debug|Any CPU
		Release|Any CPU = Release|Any CPU
	EndGlobalSection
	GlobalSection(ProjectConfigurationPlatforms) = postSolution
		{3598C4E0-454C-47A9-A1DF-A336E7505C36}.Debug|Any CPU.ActiveCfg = Debug|Any CPU
		{3598C4E0-454C-47A9-A1DF-A336E7505C36}.Debug|Any CPU.Build.0 = Debug|Any CPU
		{3598C4E0-454C-47A9-A1DF-A336E7505C36}.Release|Any CPU.ActiveCfg = Release|Any CPU
		{3598C4E0-454C-47A9-A1DF-A336E7505C36}.Release|Any CPU.Build.0 = Release|Any CPU
	EndGlobalSection
	GlobalSection(SolutionProperties) = preSolution
		HideSolutionNode = FALSE
	EndGlobalSection
EndGlobal
